
Microsoft Visual Studio Solution File, Format Version 12.00
# Visual Studio Version 17
VisualStudioVersion = 17.0.31903.59
MinimumVisualStudioVersion = 10.0.40219.1
Project("{9A19103F-16F7-4668-BE54-9A1E7A4F7556}") = "DateTimesSamples", "DateTimesSamples\DateTimesSamples.csproj", "{91EA23E0-3AF4-4892-B742-8ACDD9388525}"
EndProject
Project("{9A19103F-16F7-4668-BE54-9A1E7A4F7556}") = "UserValidation", "UserValidation\UserValidation.csproj", "{DCA5986F-A713-4628-BE8C-F5D7A4C9A6FA}"
EndProject
Project("{FAE04EC0-301F-11D3-BF4B-00C04F79EFBC}") = "DevDemos.SlackFunction", "DevDemos.SlackFunction\DevDemos.SlackFunction.csproj", "{379B8747-7B3B-43C2-9B73-041132CB13C1}"
EndProject
Project("{FAE04EC0-301F-11D3-BF4B-00C04F79EFBC}") = "DelegateAndLambda", "DelegateAndLambda\DelegateAndLambda.csproj", "{8E5427EC-D512-4144-AA16-9C0E122F7D46}"
EndProject
Project("{FAE04EC0-301F-11D3-BF4B-00C04F79EFBC}") = "LambdaExpressions", "LambdaExpressions\LambdaExpressions.csproj", "{0954D3ED-6D59-4FC0-BBAC-5C7EE88948CC}"
EndProject
Project("{FAE04EC0-301F-11D3-BF4B-00C04F79EFBC}") = "LambdaAdvance", "LambdaAdvance\LambdaAdvance.csproj", "{E0B43F4D-6FAB-48E4-8C3A-69BB14471C29}"
EndProject
Project("{FAE04EC0-301F-11D3-BF4B-00C04F79EFBC}") = "ConcurrencyLambdaExpressions", "ConcurrencyLambdaExpressions\ConcurrencyLambdaExpressions.csproj", "{2623B4DF-08F4-431A-932B-A280C7A7B101}"
EndProject
Project("{FAE04EC0-301F-11D3-BF4B-00C04F79EFBC}") = "ExpressionTree", "ExpressionTree\ExpressionTree.csproj", "{586C3220-C803-418F-A19C-1122AEEEAC8E}"
EndProject
Project("{FAE04EC0-301F-11D3-BF4B-00C04F79EFBC}") = "PLINQThreats", "PLINQThreats\PLINQThreats.csproj", "{B3ADB915-38B5-4A0E-BF49-44D673655006}"
EndProject
Project("{FAE04EC0-301F-11D3-BF4B-00C04F79EFBC}") = "DynamicProgramming", "DynamicProgramming\DynamicProgramming.csproj", "{E49F2586-D8D0-425B-857E-92C960B8B983}"
EndProject
Project("{FAE04EC0-301F-11D3-BF4B-00C04F79EFBC}") = "UsingExecutions", "UsingExecutions\UsingExecutions.csproj", "{714CF556-4F58-461F-87C8-5A4FD3284EED}"
EndProject
Project("{FAE04EC0-301F-11D3-BF4B-00C04F79EFBC}") = "WindowsFunctions", "WindowsFunctions\WindowsFunctions.csproj", "{47737AE0-E405-48AC-85C8-B8F99BD660DE}"
EndProject
Project("{FAE04EC0-301F-11D3-BF4B-00C04F79EFBC}") = "CleanCodeMeaningfulNames", "CleanCodeMeaningfulNames\CleanCodeMeaningfulNames.csproj", "{FBDE2988-188D-42D0-98DA-236932FF0385}"
EndProject
Global
	GlobalSection(SolutionConfigurationPlatforms) = preSolution
		Debug|Any CPU = Debug|Any CPU
		Release|Any CPU = Release|Any CPU
	EndGlobalSection
	GlobalSection(ProjectConfigurationPlatforms) = postSolution
		{91EA23E0-3AF4-4892-B742-8ACDD9388525}.Debug|Any CPU.ActiveCfg = Debug|Any CPU
		{91EA23E0-3AF4-4892-B742-8ACDD9388525}.Debug|Any CPU.Build.0 = Debug|Any CPU
		{91EA23E0-3AF4-4892-B742-8ACDD9388525}.Release|Any CPU.ActiveCfg = Release|Any CPU
		{91EA23E0-3AF4-4892-B742-8ACDD9388525}.Release|Any CPU.Build.0 = Release|Any CPU
		{DCA5986F-A713-4628-BE8C-F5D7A4C9A6FA}.Debug|Any CPU.ActiveCfg = Debug|Any CPU
		{DCA5986F-A713-4628-BE8C-F5D7A4C9A6FA}.Debug|Any CPU.Build.0 = Debug|Any CPU
		{DCA5986F-A713-4628-BE8C-F5D7A4C9A6FA}.Release|Any CPU.ActiveCfg = Release|Any CPU
		{DCA5986F-A713-4628-BE8C-F5D7A4C9A6FA}.Release|Any CPU.Build.0 = Release|Any CPU
		{379B8747-7B3B-43C2-9B73-041132CB13C1}.Debug|Any CPU.ActiveCfg = Debug|Any CPU
		{379B8747-7B3B-43C2-9B73-041132CB13C1}.Debug|Any CPU.Build.0 = Debug|Any CPU
		{379B8747-7B3B-43C2-9B73-041132CB13C1}.Release|Any CPU.ActiveCfg = Release|Any CPU
		{379B8747-7B3B-43C2-9B73-041132CB13C1}.Release|Any CPU.Build.0 = Release|Any CPU
		{8E5427EC-D512-4144-AA16-9C0E122F7D46}.Debug|Any CPU.ActiveCfg = Debug|Any CPU
		{8E5427EC-D512-4144-AA16-9C0E122F7D46}.Debug|Any CPU.Build.0 = Debug|Any CPU
		{8E5427EC-D512-4144-AA16-9C0E122F7D46}.Release|Any CPU.ActiveCfg = Release|Any CPU
		{8E5427EC-D512-4144-AA16-9C0E122F7D46}.Release|Any CPU.Build.0 = Release|Any CPU
		{0954D3ED-6D59-4FC0-BBAC-5C7EE88948CC}.Debug|Any CPU.ActiveCfg = Debug|Any CPU
		{0954D3ED-6D59-4FC0-BBAC-5C7EE88948CC}.Debug|Any CPU.Build.0 = Debug|Any CPU
		{0954D3ED-6D59-4FC0-BBAC-5C7EE88948CC}.Release|Any CPU.ActiveCfg = Release|Any CPU
		{0954D3ED-6D59-4FC0-BBAC-5C7EE88948CC}.Release|Any CPU.Build.0 = Release|Any CPU
		{E0B43F4D-6FAB-48E4-8C3A-69BB14471C29}.Debug|Any CPU.ActiveCfg = Debug|Any CPU
		{E0B43F4D-6FAB-48E4-8C3A-69BB14471C29}.Debug|Any CPU.Build.0 = Debug|Any CPU
		{E0B43F4D-6FAB-48E4-8C3A-69BB14471C29}.Release|Any CPU.ActiveCfg = Release|Any CPU
		{E0B43F4D-6FAB-48E4-8C3A-69BB14471C29}.Release|Any CPU.Build.0 = Release|Any CPU
		{2623B4DF-08F4-431A-932B-A280C7A7B101}.Debug|Any CPU.ActiveCfg = Debug|Any CPU
		{2623B4DF-08F4-431A-932B-A280C7A7B101}.Debug|Any CPU.Build.0 = Debug|Any CPU
		{2623B4DF-08F4-431A-932B-A280C7A7B101}.Release|Any CPU.ActiveCfg = Release|Any CPU
		{2623B4DF-08F4-431A-932B-A280C7A7B101}.Release|Any CPU.Build.0 = Release|Any CPU
		{586C3220-C803-418F-A19C-1122AEEEAC8E}.Debug|Any CPU.ActiveCfg = Debug|Any CPU
		{586C3220-C803-418F-A19C-1122AEEEAC8E}.Debug|Any CPU.Build.0 = Debug|Any CPU
		{586C3220-C803-418F-A19C-1122AEEEAC8E}.Release|Any CPU.ActiveCfg = Release|Any CPU
		{586C3220-C803-418F-A19C-1122AEEEAC8E}.Release|Any CPU.Build.0 = Release|Any CPU
		{B3ADB915-38B5-4A0E-BF49-44D673655006}.Debug|Any CPU.ActiveCfg = Debug|Any CPU
		{B3ADB915-38B5-4A0E-BF49-44D673655006}.Debug|Any CPU.Build.0 = Debug|Any CPU
		{B3ADB915-38B5-4A0E-BF49-44D673655006}.Release|Any CPU.ActiveCfg = Release|Any CPU
		{B3ADB915-38B5-4A0E-BF49-44D673655006}.Release|Any CPU.Build.0 = Release|Any CPU
		{E49F2586-D8D0-425B-857E-92C960B8B983}.Debug|Any CPU.ActiveCfg = Debug|Any CPU
		{E49F2586-D8D0-425B-857E-92C960B8B983}.Debug|Any CPU.Build.0 = Debug|Any CPU
		{E49F2586-D8D0-425B-857E-92C960B8B983}.Release|Any CPU.ActiveCfg = Release|Any CPU
		{E49F2586-D8D0-425B-857E-92C960B8B983}.Release|Any CPU.Build.0 = Release|Any CPU
		{714CF556-4F58-461F-87C8-5A4FD3284EED}.Debug|Any CPU.ActiveCfg = Debug|Any CPU
		{714CF556-4F58-461F-87C8-5A4FD3284EED}.Debug|Any CPU.Build.0 = Debug|Any CPU
		{714CF556-4F58-461F-87C8-5A4FD3284EED}.Release|Any CPU.ActiveCfg = Release|Any CPU
		{714CF556-4F58-461F-87C8-5A4FD3284EED}.Release|Any CPU.Build.0 = Release|Any CPU
		{47737AE0-E405-48AC-85C8-B8F99BD660DE}.Debug|Any CPU.ActiveCfg = Debug|Any CPU
		{47737AE0-E405-48AC-85C8-B8F99BD660DE}.Debug|Any CPU.Build.0 = Debug|Any CPU
		{47737AE0-E405-48AC-85C8-B8F99BD660DE}.Release|Any CPU.ActiveCfg = Release|Any CPU
		{47737AE0-E405-48AC-85C8-B8F99BD660DE}.Release|Any CPU.Build.0 = Release|Any CPU
		{FBDE2988-188D-42D0-98DA-236932FF0385}.Debug|Any CPU.ActiveCfg = Debug|Any CPU
		{FBDE2988-188D-42D0-98DA-236932FF0385}.Debug|Any CPU.Build.0 = Debug|Any CPU
		{FBDE2988-188D-42D0-98DA-236932FF0385}.Release|Any CPU.ActiveCfg = Release|Any CPU
		{FBDE2988-188D-42D0-98DA-236932FF0385}.Release|Any CPU.Build.0 = Release|Any CPU
	EndGlobalSection
	GlobalSection(SolutionProperties) = preSolution
		HideSolutionNode = FALSE
	EndGlobalSection
	GlobalSection(ExtensibilityGlobals) = postSolution
		SolutionGuid = {A3AE2F3A-3020-4288-9AF3-2687ABC17D20}
	EndGlobalSection
EndGlobal
